// !$*UTF8*$!
{
	archiveVersion = 1;
	classes = {
	};
	objectVersion = 50;
	objects = {

/* Begin PBXBuildFile section */
		223E8C722F09D2A00003EDE7 /* HomeViewModel.swift in Sources */ = {isa = PBXBuildFile; fileRef = 223E8C712F09D2A00003EDE7 /* HomeViewModel.swift */; };
		226E12CC2F09C6C80081A015 /* AppCoordinator.swift in Sources */ = {isa = PBXBuildFile; fileRef = 226E12CB2F09C6C80081A015 /* AppCoordinator.swift */; };
		226E12CF2F09CDF10081A015 /* FeatureEntry.swift in Sources */ = {isa = PBXBuildFile; fileRef = 226E12CE2F09CDF10081A015 /* FeatureEntry.swift */; };
		226E12D22F09CF430081A015 /* HomeEntry.swift in Sources */ = {isa = PBXBuildFile; fileRef = 226E12D12F09CF430081A015 /* HomeEntry.swift */; };
		226E12D42F09CF820081A015 /* HomeViewController.swift in Sources */ = {isa = PBXBuildFile; fileRef = 226E12D32F09CF820081A015 /* HomeViewController.swift */; };
		2271DA372F0A92B700B864AB /* HomeViewModelTests.swift in Sources */ = {isa = PBXBuildFile; fileRef = 223E8C832F09D55A0003EDE7 /* HomeViewModelTests.swift */; };
		22BF63792F09A00C0087020D /* AppDelegate.swift in Sources */ = {isa = PBXBuildFile; fileRef = 22BF63782F09A00C0087020D /* AppDelegate.swift */; };
		22BF63822F09A0130087020D /* Assets.xcassets in Resources */ = {isa = PBXBuildFile; fileRef = 22BF63812F09A0130087020D /* Assets.xcassets */; };
/* End PBXBuildFile section */

/* Begin PBXContainerItemProxy section */
		2271DA312F0A928100B864AB /* PBXContainerItemProxy */ = {
			isa = PBXContainerItemProxy;
			containerPortal = 22BF636D2F09A00C0087020D /* Project object */;
			proxyType = 1;
			remoteGlobalIDString = 22BF63742F09A00C0087020D;
			remoteInfo = Main;
		};
/* End PBXContainerItemProxy section */

/* Begin PBXFileReference section */
		223E8C712F09D2A00003EDE7 /* HomeViewModel.swift */ = {isa = PBXFileReference; lastKnownFileType = sourcecode.swift; path = HomeViewModel.swift; sourceTree = "<group>"; };
		223E8C832F09D55A0003EDE7 /* HomeViewModelTests.swift */ = {isa = PBXFileReference; lastKnownFileType = sourcecode.swift; name = HomeViewModelTests.swift; path = MainTests/Features/Home/HomeViewModelTests.swift; sourceTree = SOURCE_ROOT; };
		223E8C852F0A05DF0003EDE7 /* UnitTest-Debug.xcconfig */ = {isa = PBXFileReference; lastKnownFileType = text.xcconfig; path = "UnitTest-Debug.xcconfig"; sourceTree = "<group>"; };
		226E12CB2F09C6C80081A015 /* AppCoordinator.swift */ = {isa = PBXFileReference; lastKnownFileType = sourcecode.swift; path = AppCoordinator.swift; sourceTree = "<group>"; };
		226E12CE2F09CDF10081A015 /* FeatureEntry.swift */ = {isa = PBXFileReference; lastKnownFileType = sourcecode.swift; path = FeatureEntry.swift; sourceTree = "<group>"; };
		226E12D12F09CF430081A015 /* HomeEntry.swift */ = {isa = PBXFileReference; lastKnownFileType = sourcecode.swift; path = HomeEntry.swift; sourceTree = "<group>"; };
		226E12D32F09CF820081A015 /* HomeViewController.swift */ = {isa = PBXFileReference; lastKnownFileType = sourcecode.swift; path = HomeViewController.swift; sourceTree = "<group>"; };
		2271DA222F0A923500B864AB /* Info.plist */ = {isa = PBXFileReference; lastKnownFileType = text.plist.xml; path = Info.plist; sourceTree = "<group>"; };
		2271DA2C2F0A928100B864AB /* MainTests.xctest */ = {isa = PBXFileReference; explicitFileType = wrapper.cfbundle; includeInIndex = 0; path = MainTests.xctest; sourceTree = BUILT_PRODUCTS_DIR; };
		2271DA382F0A956900B864AB /* UnitTests-Release.xcconfig */ = {isa = PBXFileReference; lastKnownFileType = text.xcconfig; path = "UnitTests-Release.xcconfig"; sourceTree = "<group>"; };
		22BF63752F09A00C0087020D /* WWDC2018.app */ = {isa = PBXFileReference; explicitFileType = wrapper.application; includeInIndex = 0; path = WWDC2018.app; sourceTree = BUILT_PRODUCTS_DIR; };
		22BF63782F09A00C0087020D /* AppDelegate.swift */ = {isa = PBXFileReference; lastKnownFileType = sourcecode.swift; path = AppDelegate.swift; sourceTree = "<group>"; };
		22BF63812F09A0130087020D /* Assets.xcassets */ = {isa = PBXFileReference; lastKnownFileType = folder.assetcatalog; path = Assets.xcassets; sourceTree = "<group>"; };
		22BF63862F09A0130087020D /* Info.plist */ = {isa = PBXFileReference; lastKnownFileType = text.plist.xml; path = Info.plist; sourceTree = "<group>"; };
		22BF638F2F09A1BF0087020D /* App-Debug.xcconfig */ = {isa = PBXFileReference; fileEncoding = 4; lastKnownFileType = text.xcconfig; path = "App-Debug.xcconfig"; sourceTree = "<group>"; };
		22BF63902F09A1BF0087020D /* App-Release.xcconfig */ = {isa = PBXFileReference; fileEncoding = 4; lastKnownFileType = text.xcconfig; path = "App-Release.xcconfig"; sourceTree = "<group>"; };
		22BF63912F09A1BF0087020D /* App-Base.xcconfig */ = {isa = PBXFileReference; fileEncoding = 4; lastKnownFileType = text.xcconfig; path = "App-Base.xcconfig"; sourceTree = "<group>"; };
/* End PBXFileReference section */

/* Begin PBXFrameworksBuildPhase section */
		2271DA292F0A928100B864AB /* Frameworks */ = {
			isa = PBXFrameworksBuildPhase;
			buildActionMask = 2147483647;
			files = (
			);
			runOnlyForDeploymentPostprocessing = 0;
		};
		22BF63722F09A00C0087020D /* Frameworks */ = {
			isa = PBXFrameworksBuildPhase;
			buildActionMask = 2147483647;
			files = (
			);
			runOnlyForDeploymentPostprocessing = 0;
		};
/* End PBXFrameworksBuildPhase section */

/* Begin PBXGroup section */
		223E8C812F09D53A0003EDE7 /* Features */ = {
			isa = PBXGroup;
			children = (
				223E8C822F09D5410003EDE7 /* Home */,
			);
			name = Features;
			path = MainTests/Features;
			sourceTree = SOURCE_ROOT;
		};
		223E8C822F09D5410003EDE7 /* Home */ = {
			isa = PBXGroup;
			children = (
				223E8C832F09D55A0003EDE7 /* HomeViewModelTests.swift */,
			);
			name = Home;
			path = MainTests/Features/Home;
			sourceTree = SOURCE_ROOT;
		};
		226E12CD2F09CDCB0081A015 /* Features */ = {
			isa = PBXGroup;
			children = (
				226E12D02F09CF340081A015 /* Home */,
				226E12CE2F09CDF10081A015 /* FeatureEntry.swift */,
			);
			path = Features;
			sourceTree = "<group>";
		};
		226E12D02F09CF340081A015 /* Home */ = {
			isa = PBXGroup;
			children = (
				226E12D12F09CF430081A015 /* HomeEntry.swift */,
				226E12D32F09CF820081A015 /* HomeViewController.swift */,
				223E8C712F09D2A00003EDE7 /* HomeViewModel.swift */,
			);
			path = Home;
			sourceTree = "<group>";
		};
		2271DA1F2F0A923500B864AB /* MainTests */ = {
			isa = PBXGroup;
			children = (
				223E8C812F09D53A0003EDE7 /* Features */,
				2271DA222F0A923500B864AB /* Info.plist */,
			);
			path = MainTests;
			sourceTree = SOURCE_ROOT;
		};
		22BF636C2F09A00C0087020D = {
			isa = PBXGroup;
			children = (
				22BF638C2F09A1980087020D /* Configurations */,
				22BF63772F09A00C0087020D /* Main */,
				2271DA1F2F0A923500B864AB /* MainTests */,
				22BF63762F09A00C0087020D /* Products */,
			);
			sourceTree = "<group>";
		};
		22BF63762F09A00C0087020D /* Products */ = {
			isa = PBXGroup;
			children = (
				22BF63752F09A00C0087020D /* WWDC2018.app */,
				2271DA2C2F0A928100B864AB /* MainTests.xctest */,
			);
			name = Products;
			sourceTree = "<group>";
		};
		22BF63772F09A00C0087020D /* Main */ = {
			isa = PBXGroup;
			children = (
				22BF63962F09B2E00087020D /* Application */,
				226E12CD2F09CDCB0081A015 /* Features */,
				22BF63972F09B2ED0087020D /* Resources */,
				22BF63862F09A0130087020D /* Info.plist */,
			);
			path = Main;
			sourceTree = "<group>";
		};
		22BF638C2F09A1980087020D /* Configurations */ = {
			isa = PBXGroup;
			children = (
				22BF638F2F09A1BF0087020D /* App-Debug.xcconfig */,
				22BF63902F09A1BF0087020D /* App-Release.xcconfig */,
				22BF63912F09A1BF0087020D /* App-Base.xcconfig */,
				223E8C852F0A05DF0003EDE7 /* UnitTest-Debug.xcconfig */,
				2271DA382F0A956900B864AB /* UnitTests-Release.xcconfig */,
			);
			path = Configurations;
			sourceTree = "<group>";
		};
		22BF63962F09B2E00087020D /* Application */ = {
			isa = PBXGroup;
			children = (
				22BF63782F09A00C0087020D /* AppDelegate.swift */,
				226E12CB2F09C6C80081A015 /* AppCoordinator.swift */,
			);
			path = Application;
			sourceTree = "<group>";
		};
		22BF63972F09B2ED0087020D /* Resources */ = {
			isa = PBXGroup;
			children = (
				22BF63812F09A0130087020D /* Assets.xcassets */,
			);
			path = Resources;
			sourceTree = "<group>";
		};
/* End PBXGroup section */

/* Begin PBXNativeTarget section */
		2271DA2B2F0A928100B864AB /* MainTests */ = {
			isa = PBXNativeTarget;
			buildConfigurationList = 2271DA332F0A928100B864AB /* Build configuration list for PBXNativeTarget "MainTests" */;
			buildPhases = (
				2271DA282F0A928100B864AB /* Sources */,
				2271DA292F0A928100B864AB /* Frameworks */,
				2271DA2A2F0A928100B864AB /* Resources */,
			);
			buildRules = (
			);
			dependencies = (
				2271DA322F0A928100B864AB /* PBXTargetDependency */,
			);
			name = MainTests;
			productName = MainTests;
			productReference = 2271DA2C2F0A928100B864AB /* MainTests.xctest */;
			productType = "com.apple.product-type.bundle.unit-test";
		};
		22BF63742F09A00C0087020D /* Main */ = {
			isa = PBXNativeTarget;
			buildConfigurationList = 22BF63892F09A0130087020D /* Build configuration list for PBXNativeTarget "Main" */;
			buildPhases = (
				22BF63712F09A00C0087020D /* Sources */,
				22BF63722F09A00C0087020D /* Frameworks */,
				22BF63732F09A00C0087020D /* Resources */,
			);
			buildRules = (
			);
			dependencies = (
			);
			name = Main;
			productName = WWDC2018Main;
			productReference = 22BF63752F09A00C0087020D /* WWDC2018.app */;
			productType = "com.apple.product-type.application";
		};
/* End PBXNativeTarget section */

/* Begin PBXProject section */
		22BF636D2F09A00C0087020D /* Project object */ = {
			isa = PBXProject;
			attributes = {
				LastSwiftUpdateCheck = 1100;
				LastUpgradeCheck = 1100;
				ORGANIZATIONNAME = "Fabio Akira";
				TargetAttributes = {
					2271DA2B2F0A928100B864AB = {
						CreatedOnToolsVersion = 11.0;
						TestTargetID = 22BF63742F09A00C0087020D;
					};
					22BF63742F09A00C0087020D = {
						CreatedOnToolsVersion = 11.0;
					};
				};
			};
			buildConfigurationList = 22BF63702F09A00C0087020D /* Build configuration list for PBXProject "Main" */;
			compatibilityVersion = "Xcode 9.3";
			developmentRegion = en;
			hasScannedForEncodings = 0;
			knownRegions = (
				en,
				Base,
			);
			mainGroup = 22BF636C2F09A00C0087020D;
			productRefGroup = 22BF63762F09A00C0087020D /* Products */;
			projectDirPath = "";
			projectRoot = "";
			targets = (
				22BF63742F09A00C0087020D /* Main */,
				2271DA2B2F0A928100B864AB /* MainTests */,
			);
		};
/* End PBXProject section */

/* Begin PBXResourcesBuildPhase section */
		2271DA2A2F0A928100B864AB /* Resources */ = {
			isa = PBXResourcesBuildPhase;
			buildActionMask = 2147483647;
			files = (
			);
			runOnlyForDeploymentPostprocessing = 0;
		};
		22BF63732F09A00C0087020D /* Resources */ = {
			isa = PBXResourcesBuildPhase;
			buildActionMask = 2147483647;
			files = (
				22BF63822F09A0130087020D /* Assets.xcassets in Resources */,
			);
			runOnlyForDeploymentPostprocessing = 0;
		};
/* End PBXResourcesBuildPhase section */

/* Begin PBXSourcesBuildPhase section */
		2271DA282F0A928100B864AB /* Sources */ = {
			isa = PBXSourcesBuildPhase;
			buildActionMask = 2147483647;
			files = (
				2271DA372F0A92B700B864AB /* HomeViewModelTests.swift in Sources */,
			);
			runOnlyForDeploymentPostprocessing = 0;
		};
		22BF63712F09A00C0087020D /* Sources */ = {
			isa = PBXSourcesBuildPhase;
			buildActionMask = 2147483647;
			files = (
				226E12D42F09CF820081A015 /* HomeViewController.swift in Sources */,
				223E8C722F09D2A00003EDE7 /* HomeViewModel.swift in Sources */,
				226E12CC2F09C6C80081A015 /* AppCoordinator.swift in Sources */,
				226E12D22F09CF430081A015 /* HomeEntry.swift in Sources */,
				22BF63792F09A00C0087020D /* AppDelegate.swift in Sources */,
				226E12CF2F09CDF10081A015 /* FeatureEntry.swift in Sources */,
			);
			runOnlyForDeploymentPostprocessing = 0;
		};
/* End PBXSourcesBuildPhase section */

/* Begin PBXTargetDependency section */
		2271DA322F0A928100B864AB /* PBXTargetDependency */ = {
			isa = PBXTargetDependency;
			target = 22BF63742F09A00C0087020D /* Main */;
			targetProxy = 2271DA312F0A928100B864AB /* PBXContainerItemProxy */;
		};
/* End PBXTargetDependency section */

/* Begin XCBuildConfiguration section */
		2271DA342F0A928100B864AB /* Debug */ = {
			isa = XCBuildConfiguration;
			baseConfigurationReference = 223E8C852F0A05DF0003EDE7 /* UnitTest-Debug.xcconfig */;
			buildSettings = {
			};
			name = Debug;
		};
		2271DA352F0A928100B864AB /* Release */ = {
			isa = XCBuildConfiguration;
			baseConfigurationReference = 2271DA382F0A956900B864AB /* UnitTests-Release.xcconfig */;
			buildSettings = {
			};
			name = Release;
		};
		22BF63872F09A0130087020D /* Debug */ = {
			isa = XCBuildConfiguration;
			buildSettings = {
			};
			name = Debug;
		};
		22BF63882F09A0130087020D /* Release */ = {
			isa = XCBuildConfiguration;
			buildSettings = {
			};
			name = Release;
		};
		22BF638A2F09A0130087020D /* Debug */ = {
			isa = XCBuildConfiguration;
			baseConfigurationReference = 22BF638F2F09A1BF0087020D /* App-Debug.xcconfig */;
			buildSettings = {
			};
			name = Debug;
		};
		22BF638B2F09A0130087020D /* Release */ = {
			isa = XCBuildConfiguration;
			baseConfigurationReference = 22BF63902F09A1BF0087020D /* App-Release.xcconfig */;
			buildSettings = {
			};
			name = Release;
		};
/* End XCBuildConfiguration section */

/* Begin XCConfigurationList section */
		2271DA332F0A928100B864AB /* Build configuration list for PBXNativeTarget "MainTests" */ = {
			isa = XCConfigurationList;
			buildConfigurations = (
				2271DA342F0A928100B864AB /* Debug */,
				2271DA352F0A928100B864AB /* Release */,
			);
			defaultConfigurationIsVisible = 0;
			defaultConfigurationName = Release;
		};
		22BF63702F09A00C0087020D /* Build configuration list for PBXProject "Main" */ = {
			isa = XCConfigurationList;
			buildConfigurations = (
				22BF63872F09A0130087020D /* Debug */,
				22BF63882F09A0130087020D /* Release */,
			);
			defaultConfigurationIsVisible = 0;
			defaultConfigurationName = Release;
		};
		22BF63892F09A0130087020D /* Build configuration list for PBXNativeTarget "Main" */ = {
			isa = XCConfigurationList;
			buildConfigurations = (
				22BF638A2F09A0130087020D /* Debug */,
				22BF638B2F09A0130087020D /* Release */,
			);
			defaultConfigurationIsVisible = 0;
			defaultConfigurationName = Release;
		};
/* End XCConfigurationList section */
	};
	rootObject = 22BF636D2F09A00C0087020D /* Project object */;
}
